
Microsoft Visual Studio Solution File, Format Version 12.00
# Visual Studio Version 16
VisualStudioVersion = 16.0.31605.320
MinimumVisualStudioVersion = 10.0.40219.1
Project("{FAE04EC0-301F-11D3-BF4B-00C04F79EFBC}") = "ReRoller", "ReRoller\ReRoller.csproj", "{B9B2B5B9-14C5-40DB-8006-31D4686AEA6D}"
EndProject
Global
	GlobalSection(SolutionConfigurationPlatforms) = preSolution
		Debug|Any CPU = Debug|Any CPU
		Release|Any CPU = Release|Any CPU
	EndGlobalSection
	GlobalSection(ProjectConfigurationPlatforms) = postSolution
		{B9B2B5B9-14C5-40DB-8006-31D4686AEA6D}.Debug|Any CPU.ActiveCfg = Debug|Any CPU
		{B9B2B5B9-14C5-40DB-8006-31D4686AEA6D}.Debug|Any CPU.Build.0 = Debug|Any CPU
		{B9B2B5B9-14C5-40DB-8006-31D4686AEA6D}.Release|Any CPU.ActiveCfg = Release|Any CPU
		{B9B2B5B9-14C5-40DB-8006-31D4686AEA6D}.Release|Any CPU.Build.0 = Release|Any CPU
	EndGlobalSection
	GlobalSection(SolutionProperties) = preSolution
		HideSolutionNode = FALSE
	EndGlobalSection
	GlobalSection(ExtensibilityGlobals) = postSolution
		SolutionGuid = {D1C758B2-9D40-4F64-B101-A5D1586453C0}
	EndGlobalSection
EndGlobal
